
Microsoft Visual Studio Solution File, Format Version 12.00
# Visual Studio Version 16
VisualStudioVersion = 16.0.31515.178
MinimumVisualStudioVersion = 10.0.40219.1
Project("{FAE04EC0-301F-11D3-BF4B-00C04F79EFBC}") = "exercicio-csharp2", "exercicio-csharp2\exercicio-csharp2.csproj", "{1A1C7DEC-A320-41E5-919D-33823BD492E2}"
EndProject
Global
	GlobalSection(SolutionConfigurationPlatforms) = preSolution
		Debug|Any CPU = Debug|Any CPU
		Release|Any CPU = Release|Any CPU
	EndGlobalSection
	GlobalSection(ProjectConfigurationPlatforms) = postSolution
		{1A1C7DEC-A320-41E5-919D-33823BD492E2}.Debug|Any CPU.ActiveCfg = Debug|Any CPU
		{1A1C7DEC-A320-41E5-919D-33823BD492E2}.Debug|Any CPU.Build.0 = Debug|Any CPU
		{1A1C7DEC-A320-41E5-919D-33823BD492E2}.Release|Any CPU.ActiveCfg = Release|Any CPU
		{1A1C7DEC-A320-41E5-919D-33823BD492E2}.Release|Any CPU.Build.0 = Release|Any CPU
	EndGlobalSection
	GlobalSection(SolutionProperties) = preSolution
		HideSolutionNode = FALSE
	EndGlobalSection
	GlobalSection(ExtensibilityGlobals) = postSolution
		SolutionGuid = {A6058226-A6B0-4B96-A7DB-44B800927515}
	EndGlobalSection
EndGlobal
